
Microsoft Visual Studio Solution File, Format Version 12.00
# Visual Studio Version 17
VisualStudioVersion = 17.6.33815.320
MinimumVisualStudioVersion = 10.0.40219.1
Project("{FAE04EC0-301F-11D3-BF4B-00C04F79EFBC}") = "Hotel_Management", "Hotel_Management\Hotel_Management.csproj", "{FEA56B84-FB66-4940-B48A-10A7163E071E}"
EndProject
Global
	GlobalSection(SolutionConfigurationPlatforms) = preSolution
		Debug|Any CPU = Debug|Any CPU
		Release|Any CPU = Release|Any CPU
	EndGlobalSection
	GlobalSection(ProjectConfigurationPlatforms) = postSolution
		{FEA56B84-FB66-4940-B48A-10A7163E071E}.Debug|Any CPU.ActiveCfg = Debug|Any CPU
		{FEA56B84-FB66-4940-B48A-10A7163E071E}.Debug|Any CPU.Build.0 = Debug|Any CPU
		{FEA56B84-FB66-4940-B48A-10A7163E071E}.Release|Any CPU.ActiveCfg = Release|Any CPU
		{FEA56B84-FB66-4940-B48A-10A7163E071E}.Release|Any CPU.Build.0 = Release|Any CPU
	EndGlobalSection
	GlobalSection(SolutionProperties) = preSolution
		HideSolutionNode = FALSE
	EndGlobalSection
	GlobalSection(ExtensibilityGlobals) = postSolution
		SolutionGuid = {68CD24EB-4F3C-4020-B3A6-09173DB1322D}
	EndGlobalSection
EndGlobal
